
Microsoft Visual Studio Solution File, Format Version 12.00
# Visual Studio Version 17
VisualStudioVersion = 17.13.35825.156
MinimumVisualStudioVersion = 10.0.40219.1
Project("{FAE04EC0-301F-11D3-BF4B-00C04F79EFBC}") = "DAO", "DAO\DAO.csproj", "{EE4D53CB-02D4-4BA4-A9FA-3DAEF76D2AA6}"
EndProject
Project("{FAE04EC0-301F-11D3-BF4B-00C04F79EFBC}") = "Modelos", "Modelos\Modelos.csproj", "{24962A04-8370-4F34-AA4D-F7795B339A3E}"
EndProject
Project("{FAE04EC0-301F-11D3-BF4B-00C04F79EFBC}") = "Desktop", "Desktop\Desktop.csproj", "{7E422CF0-6D19-43F1-B5BF-E817BD1D7052}"
EndProject
Global
	GlobalSection(SolutionConfigurationPlatforms) = preSolution
		Debug|Any CPU = Debug|Any CPU
		Release|Any CPU = Release|Any CPU
	EndGlobalSection
	GlobalSection(ProjectConfigurationPlatforms) = postSolution
		{EE4D53CB-02D4-4BA4-A9FA-3DAEF76D2AA6}.Debug|Any CPU.ActiveCfg = Debug|Any CPU
		{EE4D53CB-02D4-4BA4-A9FA-3DAEF76D2AA6}.Debug|Any CPU.Build.0 = Debug|Any CPU
		{EE4D53CB-02D4-4BA4-A9FA-3DAEF76D2AA6}.Release|Any CPU.ActiveCfg = Release|Any CPU
		{EE4D53CB-02D4-4BA4-A9FA-3DAEF76D2AA6}.Release|Any CPU.Build.0 = Release|Any CPU
		{24962A04-8370-4F34-AA4D-F7795B339A3E}.Debug|Any CPU.ActiveCfg = Debug|Any CPU
		{24962A04-8370-4F34-AA4D-F7795B339A3E}.Debug|Any CPU.Build.0 = Debug|Any CPU
		{24962A04-8370-4F34-AA4D-F7795B339A3E}.Release|Any CPU.ActiveCfg = Release|Any CPU
		{24962A04-8370-4F34-AA4D-F7795B339A3E}.Release|Any CPU.Build.0 = Release|Any CPU
		{7E422CF0-6D19-43F1-B5BF-E817BD1D7052}.Debug|Any CPU.ActiveCfg = Debug|Any CPU
		{7E422CF0-6D19-43F1-B5BF-E817BD1D7052}.Debug|Any CPU.Build.0 = Debug|Any CPU
		{7E422CF0-6D19-43F1-B5BF-E817BD1D7052}.Release|Any CPU.ActiveCfg = Release|Any CPU
		{7E422CF0-6D19-43F1-B5BF-E817BD1D7052}.Release|Any CPU.Build.0 = Release|Any CPU
	EndGlobalSection
	GlobalSection(SolutionProperties) = preSolution
		HideSolutionNode = FALSE
	EndGlobalSection
	GlobalSection(ExtensibilityGlobals) = postSolution
		SolutionGuid = {0ECF3CB4-FB1B-499F-90A4-A01AA8C334F2}
	EndGlobalSection
EndGlobal
